
Microsoft Visual Studio Solution File, Format Version 12.00
# Visual Studio Version 17
VisualStudioVersion = 17.3.32819.101
MinimumVisualStudioVersion = 10.0.40219.1
Project("{FAE04EC0-301F-11D3-BF4B-00C04F79EFBC}") = "TransvitiTestProject", "TransvitiTestProject\TransvitiTestProject.csproj", "{F1A70911-6899-4F51-9B91-2777D77EEB8E}"
EndProject
Global
	GlobalSection(SolutionConfigurationPlatforms) = preSolution
		Debug|Any CPU = Debug|Any CPU
		Release|Any CPU = Release|Any CPU
	EndGlobalSection
	GlobalSection(ProjectConfigurationPlatforms) = postSolution
		{F1A70911-6899-4F51-9B91-2777D77EEB8E}.Debug|Any CPU.ActiveCfg = Debug|Any CPU
		{F1A70911-6899-4F51-9B91-2777D77EEB8E}.Debug|Any CPU.Build.0 = Debug|Any CPU
		{F1A70911-6899-4F51-9B91-2777D77EEB8E}.Release|Any CPU.ActiveCfg = Release|Any CPU
		{F1A70911-6899-4F51-9B91-2777D77EEB8E}.Release|Any CPU.Build.0 = Release|Any CPU
	EndGlobalSection
	GlobalSection(SolutionProperties) = preSolution
		HideSolutionNode = FALSE
	EndGlobalSection
	GlobalSection(ExtensibilityGlobals) = postSolution
		SolutionGuid = {67E67895-A81C-4605-978F-A6AB44E25695}
	EndGlobalSection
EndGlobal
